
Microsoft Visual Studio Solution File, Format Version 12.00
# Visual Studio Version 17
VisualStudioVersion = 17.6.33723.286
MinimumVisualStudioVersion = 10.0.40219.1
Project("{FAE04EC0-301F-11D3-BF4B-00C04F79EFBC}") = "Admin-Console", "Admin-Console.csproj", "{140BDB70-9566-4BB8-93C7-1B1DF82010F9}"
EndProject
Global
	GlobalSection(SolutionConfigurationPlatforms) = preSolution
		Debug|Any CPU = Debug|Any CPU
		Release|Any CPU = Release|Any CPU
	EndGlobalSection
	GlobalSection(ProjectConfigurationPlatforms) = postSolution
		{140BDB70-9566-4BB8-93C7-1B1DF82010F9}.Debug|Any CPU.ActiveCfg = Debug|Any CPU
		{140BDB70-9566-4BB8-93C7-1B1DF82010F9}.Debug|Any CPU.Build.0 = Debug|Any CPU
		{140BDB70-9566-4BB8-93C7-1B1DF82010F9}.Release|Any CPU.ActiveCfg = Release|Any CPU
		{140BDB70-9566-4BB8-93C7-1B1DF82010F9}.Release|Any CPU.Build.0 = Release|Any CPU
	EndGlobalSection
	GlobalSection(SolutionProperties) = preSolution
		HideSolutionNode = FALSE
	EndGlobalSection
	GlobalSection(ExtensibilityGlobals) = postSolution
		SolutionGuid = {1DC2ACC3-5159-4AB5-8FDC-C806C98A5389}
	EndGlobalSection
EndGlobal
